# This file is automatically @generated by Cargo.
# It is not intended for manual editing.
version = 3

[[package]]
name = "byteorder"
version = "0.5.3"
source = "registry+https://github.com/rust-lang/crates.io-index"
checksum = "0fc10e8cc6b2580fda3f36eb6dc5316657f812a3df879a44a66fc9f0fdbc4855"

[[package]]
name = "elf"
version = "0.0.10"
source = "registry+https://github.com/rust-lang/crates.io-index"
checksum = "4841de15dbe0e49b9b62a417589299e3be0d557e0900d36acb87e6dae47197f5"
dependencies = [
 "byteorder",
]

[[package]]
name = "riscv-decode"
version = "0.2.0"
source = "registry+https://github.com/rust-lang/crates.io-index"
checksum = "920466101a1ec4ffac2ab9b72fa780eff62defa0ae9c4f77a07fa41dfd5450e6"

[[package]]
name = "riscv-vm-rust"
version = "0.1.0"
dependencies = [
 "elf",
 "riscv-decode",
]
